
Microsoft Visual Studio Solution File, Format Version 12.00
Project("{FAE04EC0-301F-11D3-BF4B-00C04F79EFBC}") = "BsonSerDesSampleCSharp", "BsonSerDesSampleCSharp\BsonSerDesSampleCSharp.csproj", "{306637CB-E21D-438B-A5B3-3D20FE510899}"
EndProject
Global
	GlobalSection(SolutionConfigurationPlatforms) = preSolution
		Debug|Any CPU = Debug|Any CPU
		Release|Any CPU = Release|Any CPU
	EndGlobalSection
	GlobalSection(ProjectConfigurationPlatforms) = postSolution
		{306637CB-E21D-438B-A5B3-3D20FE510899}.Debug|Any CPU.ActiveCfg = Debug|Any CPU
		{306637CB-E21D-438B-A5B3-3D20FE510899}.Debug|Any CPU.Build.0 = Debug|Any CPU
		{306637CB-E21D-438B-A5B3-3D20FE510899}.Release|Any CPU.ActiveCfg = Release|Any CPU
		{306637CB-E21D-438B-A5B3-3D20FE510899}.Release|Any CPU.Build.0 = Release|Any CPU
	EndGlobalSection
EndGlobal
